// !$*UTF8*$!
{
	archiveVersion = 1;
	classes = {
	};
	objectVersion = 46;
	objects = {

/* Begin PBXBuildFile section */
		097C0E2E9FDC4FD9A70F1FCA /* EvilIcons.ttf in Resources */ = {isa = PBXBuildFile; fileRef = 89A9D1F74D7046639B07AC1C /* EvilIcons.ttf */; };
		0A9BB25DF20F4B2EB88ACDFA /* MaterialCommunityIcons.ttf in Resources */ = {isa = PBXBuildFile; fileRef = 445960626663415C918462B3 /* MaterialCommunityIcons.ttf */; };
		0AB39C965CCF4FE9A8B1F10A /* FontAwesome5_Solid.ttf in Resources */ = {isa = PBXBuildFile; fileRef = 2A5F0976FF1D4BE1AAB6ADE0 /* FontAwesome5_Solid.ttf */; };
		13B07FBC1A68108700A75B9A /* AppDelegate.m in Sources */ = {isa = PBXBuildFile; fileRef = 13B07FB01A68108700A75B9A /* AppDelegate.m */; };
		13B07FBF1A68108700A75B9A /* Images.xcassets in Resources */ = {isa = PBXBuildFile; fileRef = 13B07FB51A68108700A75B9A /* Images.xcassets */; };
		13B07FC11A68108700A75B9A /* main.m in Sources */ = {isa = PBXBuildFile; fileRef = 13B07FB71A68108700A75B9A /* main.m */; };
		1AF77C9D0C9245CD8479F615 /* FontAwesome5_Brands.ttf in Resources */ = {isa = PBXBuildFile; fileRef = 88E91CC87627494BAEC96163 /* FontAwesome5_Brands.ttf */; };
		25118CA2C4834460A437D943 /* Ionicons.ttf in Resources */ = {isa = PBXBuildFile; fileRef = 8B1A19A266934C46BC7C8B44 /* Ionicons.ttf */; };
		26BE71AFF0C44E3EA64AF790 /* Foundation.ttf in Resources */ = {isa = PBXBuildFile; fileRef = 5462ED62782F46CCBD17D1CB /* Foundation.ttf */; };
		2E0D057225974AE5004FA55F /* SFProDisplay-Bold.otf in Resources */ = {isa = PBXBuildFile; fileRef = 2E0D056E25974AE5004FA55F /* SFProDisplay-Bold.otf */; };
		2E0D057325974AE5004FA55F /* SFProDisplay-Regular.otf in Resources */ = {isa = PBXBuildFile; fileRef = 2E0D056F25974AE5004FA55F /* SFProDisplay-Regular.otf */; };
		2E0D057425974AE5004FA55F /* SFProDisplay-Light.otf in Resources */ = {isa = PBXBuildFile; fileRef = 2E0D057025974AE5004FA55F /* SFProDisplay-Light.otf */; };
		2E0D057525974AE5004FA55F /* SFProDisplay-Semibold.otf in Resources */ = {isa = PBXBuildFile; fileRef = 2E0D057125974AE5004FA55F /* SFProDisplay-Semibold.otf */; };
		493C1A63EA78422C9A9FB9FC /* SimpleLineIcons.ttf in Resources */ = {isa = PBXBuildFile; fileRef = 99CF2E29255C4CA9B990A085 /* SimpleLineIcons.ttf */; };
		6D4DA6FB29C44DA7B24371A3 /* Feather.ttf in Resources */ = {isa = PBXBuildFile; fileRef = 516FFCEBDCA84C90B260AD9C /* Feather.ttf */; };
		71C775CB9E384976AE06EDEC /* FontAwesome.ttf in Resources */ = {isa = PBXBuildFile; fileRef = 51A7371D97874C52BBFED3CF /* FontAwesome.ttf */; };
		81AB9BB82411601600AC10FF /* LaunchScreen.storyboard in Resources */ = {isa = PBXBuildFile; fileRef = 81AB9BB72411601600AC10FF /* LaunchScreen.storyboard */; };
		8965A9A28F6D470389337ADE /* Entypo.ttf in Resources */ = {isa = PBXBuildFile; fileRef = 3DAF5064C22E45789B8C9958 /* Entypo.ttf */; };
		A499EDBC18AD4352B8C05E1A /* FontAwesome5_Regular.ttf in Resources */ = {isa = PBXBuildFile; fileRef = B790132F933844F4B51B64A0 /* FontAwesome5_Regular.ttf */; };
		C6B460BEE3B24AFEB29092AB /* Fontisto.ttf in Resources */ = {isa = PBXBuildFile; fileRef = 8656418128994E288B61E0AC /* Fontisto.ttf */; };
		D508E19858AAAC99D579CDEF /* libPods-MyAnimationSample.a in Frameworks */ = {isa = PBXBuildFile; fileRef = 45AFDD76BFA19517211B1090 /* libPods-MyAnimationSample.a */; };
		D7293C7F22F94783901480E7 /* MaterialIcons.ttf in Resources */ = {isa = PBXBuildFile; fileRef = A859FEE6B10543E587037A88 /* MaterialIcons.ttf */; };
		DA338CF50A0545949E8091EC /* AntDesign.ttf in Resources */ = {isa = PBXBuildFile; fileRef = 6A5E592B72EC4084AED51B26 /* AntDesign.ttf */; };
		E8C2171908F047239A75BEE3 /* Zocial.ttf in Resources */ = {isa = PBXBuildFile; fileRef = FD8ED12E84CD4EBB99E55E16 /* Zocial.ttf */; };
		FF221E7BF31749E4B6749C8D /* Octicons.ttf in Resources */ = {isa = PBXBuildFile; fileRef = EFCD26E852244E29B2B2737F /* Octicons.ttf */; };
/* End PBXBuildFile section */

/* Begin PBXFileReference section */
		008F07F21AC5B25A0029DE68 /* main.jsbundle */ = {isa = PBXFileReference; fileEncoding = 4; lastKnownFileType = text; path = main.jsbundle; sourceTree = "<group>"; };
		13B07F961A680F5B00A75B9A /* MyAnimationSample.app */ = {isa = PBXFileReference; explicitFileType = wrapper.application; includeInIndex = 0; path = MyAnimationSample.app; sourceTree = BUILT_PRODUCTS_DIR; };
		13B07FAF1A68108700A75B9A /* AppDelegate.h */ = {isa = PBXFileReference; fileEncoding = 4; lastKnownFileType = sourcecode.c.h; name = AppDelegate.h; path = MyAnimationSample/AppDelegate.h; sourceTree = "<group>"; };
		13B07FB01A68108700A75B9A /* AppDelegate.m */ = {isa = PBXFileReference; fileEncoding = 4; lastKnownFileType = sourcecode.c.objc; name = AppDelegate.m; path = MyAnimationSample/AppDelegate.m; sourceTree = "<group>"; };
		13B07FB51A68108700A75B9A /* Images.xcassets */ = {isa = PBXFileReference; lastKnownFileType = folder.assetcatalog; name = Images.xcassets; path = MyAnimationSample/Images.xcassets; sourceTree = "<group>"; };
		13B07FB61A68108700A75B9A /* Info.plist */ = {isa = PBXFileReference; fileEncoding = 4; lastKnownFileType = text.plist.xml; name = Info.plist; path = MyAnimationSample/Info.plist; sourceTree = "<group>"; };
		13B07FB71A68108700A75B9A /* main.m */ = {isa = PBXFileReference; fileEncoding = 4; lastKnownFileType = sourcecode.c.objc; name = main.m; path = MyAnimationSample/main.m; sourceTree = "<group>"; };
		168AB4D6D5AA5969CF590B9B /* Pods-MyAnimationSample-tvOSTests.release.xcconfig */ = {isa = PBXFileReference; includeInIndex = 1; lastKnownFileType = text.xcconfig; name = "Pods-MyAnimationSample-tvOSTests.release.xcconfig"; path = "Target Support Files/Pods-MyAnimationSample-tvOSTests/Pods-MyAnimationSample-tvOSTests.release.xcconfig"; sourceTree = "<group>"; };
		2A5F0976FF1D4BE1AAB6ADE0 /* FontAwesome5_Solid.ttf */ = {isa = PBXFileReference; explicitFileType = undefined; fileEncoding = 9; includeInIndex = 0; lastKnownFileType = unknown; name = FontAwesome5_Solid.ttf; path = "../node_modules/react-native-vector-icons/Fonts/FontAwesome5_Solid.ttf"; sourceTree = "<group>"; };
		2E0D056E25974AE5004FA55F /* SFProDisplay-Bold.otf */ = {isa = PBXFileReference; lastKnownFileType = file; name = "SFProDisplay-Bold.otf"; path = "../src/assets/fonts/SFProDisplay-Bold.otf"; sourceTree = "<group>"; };
		2E0D056F25974AE5004FA55F /* SFProDisplay-Regular.otf */ = {isa = PBXFileReference; lastKnownFileType = file; name = "SFProDisplay-Regular.otf"; path = "../src/assets/fonts/SFProDisplay-Regular.otf"; sourceTree = "<group>"; };
		2E0D057025974AE5004FA55F /* SFProDisplay-Light.otf */ = {isa = PBXFileReference; lastKnownFileType = file; name = "SFProDisplay-Light.otf"; path = "../src/assets/fonts/SFProDisplay-Light.otf"; sourceTree = "<group>"; };
		2E0D057125974AE5004FA55F /* SFProDisplay-Semibold.otf */ = {isa = PBXFileReference; lastKnownFileType = file; name = "SFProDisplay-Semibold.otf"; path = "../src/assets/fonts/SFProDisplay-Semibold.otf"; sourceTree = "<group>"; };
		3DAF5064C22E45789B8C9958 /* Entypo.ttf */ = {isa = PBXFileReference; explicitFileType = undefined; fileEncoding = 9; includeInIndex = 0; lastKnownFileType = unknown; name = Entypo.ttf; path = "../node_modules/react-native-vector-icons/Fonts/Entypo.ttf"; sourceTree = "<group>"; };
		445960626663415C918462B3 /* MaterialCommunityIcons.ttf */ = {isa = PBXFileReference; explicitFileType = undefined; fileEncoding = 9; includeInIndex = 0; lastKnownFileType = unknown; name = MaterialCommunityIcons.ttf; path = "../node_modules/react-native-vector-icons/Fonts/MaterialCommunityIcons.ttf"; sourceTree = "<group>"; };
		45AFDD76BFA19517211B1090 /* libPods-MyAnimationSample.a */ = {isa = PBXFileReference; explicitFileType = archive.ar; includeInIndex = 0; path = "libPods-MyAnimationSample.a"; sourceTree = BUILT_PRODUCTS_DIR; };
		516FFCEBDCA84C90B260AD9C /* Feather.ttf */ = {isa = PBXFileReference; explicitFileType = undefined; fileEncoding = 9; includeInIndex = 0; lastKnownFileType = unknown; name = Feather.ttf; path = "../node_modules/react-native-vector-icons/Fonts/Feather.ttf"; sourceTree = "<group>"; };
		51A7371D97874C52BBFED3CF /* FontAwesome.ttf */ = {isa = PBXFileReference; explicitFileType = undefined; fileEncoding = 9; includeInIndex = 0; lastKnownFileType = unknown; name = FontAwesome.ttf; path = "../node_modules/react-native-vector-icons/Fonts/FontAwesome.ttf"; sourceTree = "<group>"; };
		5462ED62782F46CCBD17D1CB /* Foundation.ttf */ = {isa = PBXFileReference; explicitFileType = undefined; fileEncoding = 9; includeInIndex = 0; lastKnownFileType = unknown; name = Foundation.ttf; path = "../node_modules/react-native-vector-icons/Fonts/Foundation.ttf"; sourceTree = "<group>"; };
		656768F732DDE0997F2A8BB6 /* Pods-MyAnimationSample-tvOSTests.debug.xcconfig */ = {isa = PBXFileReference; includeInIndex = 1; lastKnownFileType = text.xcconfig; name = "Pods-MyAnimationSample-tvOSTests.debug.xcconfig"; path = "Target Support Files/Pods-MyAnimationSample-tvOSTests/Pods-MyAnimationSample-tvOSTests.debug.xcconfig"; sourceTree = "<group>"; };
		6A5E592B72EC4084AED51B26 /* AntDesign.ttf */ = {isa = PBXFileReference; explicitFileType = undefined; fileEncoding = 9; includeInIndex = 0; lastKnownFileType = unknown; name = AntDesign.ttf; path = "../node_modules/react-native-vector-icons/Fonts/AntDesign.ttf"; sourceTree = "<group>"; };
		6F8CD31CE95F5A5E0950D2E2 /* libPods-MyAnimationSample-tvOSTests.a */ = {isa = PBXFileReference; explicitFileType = archive.ar; includeInIndex = 0; path = "libPods-MyAnimationSample-tvOSTests.a"; sourceTree = BUILT_PRODUCTS_DIR; };
		6FA90AE72B8EF9BEDDD21629 /* Pods-MyAnimationSample.debug.xcconfig */ = {isa = PBXFileReference; includeInIndex = 1; lastKnownFileType = text.xcconfig; name = "Pods-MyAnimationSample.debug.xcconfig"; path = "Target Support Files/Pods-MyAnimationSample/Pods-MyAnimationSample.debug.xcconfig"; sourceTree = "<group>"; };
		81AB9BB72411601600AC10FF /* LaunchScreen.storyboard */ = {isa = PBXFileReference; fileEncoding = 4; lastKnownFileType = file.storyboard; name = LaunchScreen.storyboard; path = MyAnimationSample/LaunchScreen.storyboard; sourceTree = "<group>"; };
		8656418128994E288B61E0AC /* Fontisto.ttf */ = {isa = PBXFileReference; explicitFileType = undefined; fileEncoding = 9; includeInIndex = 0; lastKnownFileType = unknown; name = Fontisto.ttf; path = "../node_modules/react-native-vector-icons/Fonts/Fontisto.ttf"; sourceTree = "<group>"; };
		88E91CC87627494BAEC96163 /* FontAwesome5_Brands.ttf */ = {isa = PBXFileReference; explicitFileType = undefined; fileEncoding = 9; includeInIndex = 0; lastKnownFileType = unknown; name = FontAwesome5_Brands.ttf; path = "../node_modules/react-native-vector-icons/Fonts/FontAwesome5_Brands.ttf"; sourceTree = "<group>"; };
		89A9D1F74D7046639B07AC1C /* EvilIcons.ttf */ = {isa = PBXFileReference; explicitFileType = undefined; fileEncoding = 9; includeInIndex = 0; lastKnownFileType = unknown; name = EvilIcons.ttf; path = "../node_modules/react-native-vector-icons/Fonts/EvilIcons.ttf"; sourceTree = "<group>"; };
		8B1A19A266934C46BC7C8B44 /* Ionicons.ttf */ = {isa = PBXFileReference; explicitFileType = undefined; fileEncoding = 9; includeInIndex = 0; lastKnownFileType = unknown; name = Ionicons.ttf; path = "../node_modules/react-native-vector-icons/Fonts/Ionicons.ttf"; sourceTree = "<group>"; };
		99CF2E29255C4CA9B990A085 /* SimpleLineIcons.ttf */ = {isa = PBXFileReference; explicitFileType = undefined; fileEncoding = 9; includeInIndex = 0; lastKnownFileType = unknown; name = SimpleLineIcons.ttf; path = "../node_modules/react-native-vector-icons/Fonts/SimpleLineIcons.ttf"; sourceTree = "<group>"; };
		9FB42D126C71FE114C3B6DD1 /* libPods-MyAnimationSample-MyAnimationSampleTests.a */ = {isa = PBXFileReference; explicitFileType = archive.ar; includeInIndex = 0; path = "libPods-MyAnimationSample-MyAnimationSampleTests.a"; sourceTree = BUILT_PRODUCTS_DIR; };
		A859FEE6B10543E587037A88 /* MaterialIcons.ttf */ = {isa = PBXFileReference; explicitFileType = undefined; fileEncoding = 9; includeInIndex = 0; lastKnownFileType = unknown; name = MaterialIcons.ttf; path = "../node_modules/react-native-vector-icons/Fonts/MaterialIcons.ttf"; sourceTree = "<group>"; };
		B790132F933844F4B51B64A0 /* FontAwesome5_Regular.ttf */ = {isa = PBXFileReference; explicitFileType = undefined; fileEncoding = 9; includeInIndex = 0; lastKnownFileType = unknown; name = FontAwesome5_Regular.ttf; path = "../node_modules/react-native-vector-icons/Fonts/FontAwesome5_Regular.ttf"; sourceTree = "<group>"; };
		B8781080E6F518E072BA5B79 /* Pods-MyAnimationSample-tvOS.debug.xcconfig */ = {isa = PBXFileReference; includeInIndex = 1; lastKnownFileType = text.xcconfig; name = "Pods-MyAnimationSample-tvOS.debug.xcconfig"; path = "Target Support Files/Pods-MyAnimationSample-tvOS/Pods-MyAnimationSample-tvOS.debug.xcconfig"; sourceTree = "<group>"; };
		CCE0AE203B070D86661CF2E4 /* Pods-MyAnimationSample-MyAnimationSampleTests.release.xcconfig */ = {isa = PBXFileReference; includeInIndex = 1; lastKnownFileType = text.xcconfig; name = "Pods-MyAnimationSample-MyAnimationSampleTests.release.xcconfig"; path = "Target Support Files/Pods-MyAnimationSample-MyAnimationSampleTests/Pods-MyAnimationSample-MyAnimationSampleTests.release.xcconfig"; sourceTree = "<group>"; };
		EB6E5518D5DF475F66FD74F1 /* Pods-MyAnimationSample-MyAnimationSampleTests.debug.xcconfig */ = {isa = PBXFileReference; includeInIndex = 1; lastKnownFileType = text.xcconfig; name = "Pods-MyAnimationSample-MyAnimationSampleTests.debug.xcconfig"; path = "Target Support Files/Pods-MyAnimationSample-MyAnimationSampleTests/Pods-MyAnimationSample-MyAnimationSampleTests.debug.xcconfig"; sourceTree = "<group>"; };
		ED297162215061F000B7C4FE /* JavaScriptCore.framework */ = {isa = PBXFileReference; lastKnownFileType = wrapper.framework; name = JavaScriptCore.framework; path = System/Library/Frameworks/JavaScriptCore.framework; sourceTree = SDKROOT; };
		ED2971642150620600B7C4FE /* JavaScriptCore.framework */ = {isa = PBXFileReference; lastKnownFileType = wrapper.framework; name = JavaScriptCore.framework; path = Platforms/AppleTVOS.platform/Developer/SDKs/AppleTVOS12.0.sdk/System/Library/Frameworks/JavaScriptCore.framework; sourceTree = DEVELOPER_DIR; };
		EFCD26E852244E29B2B2737F /* Octicons.ttf */ = {isa = PBXFileReference; explicitFileType = undefined; fileEncoding = 9; includeInIndex = 0; lastKnownFileType = unknown; name = Octicons.ttf; path = "../node_modules/react-native-vector-icons/Fonts/Octicons.ttf"; sourceTree = "<group>"; };
		F04321B898903D01C0A54665 /* Pods-MyAnimationSample-tvOS.release.xcconfig */ = {isa = PBXFileReference; includeInIndex = 1; lastKnownFileType = text.xcconfig; name = "Pods-MyAnimationSample-tvOS.release.xcconfig"; path = "Target Support Files/Pods-MyAnimationSample-tvOS/Pods-MyAnimationSample-tvOS.release.xcconfig"; sourceTree = "<group>"; };
		F19C3EAAB3330CD24D3100F8 /* Pods-MyAnimationSample.release.xcconfig */ = {isa = PBXFileReference; includeInIndex = 1; lastKnownFileType = text.xcconfig; name = "Pods-MyAnimationSample.release.xcconfig"; path = "Target Support Files/Pods-MyAnimationSample/Pods-MyAnimationSample.release.xcconfig"; sourceTree = "<group>"; };
		F1E684FD233DE699AD249A74 /* libPods-MyAnimationSample-tvOS.a */ = {isa = PBXFileReference; explicitFileType = archive.ar; includeInIndex = 0; path = "libPods-MyAnimationSample-tvOS.a"; sourceTree = BUILT_PRODUCTS_DIR; };
		FD8ED12E84CD4EBB99E55E16 /* Zocial.ttf */ = {isa = PBXFileReference; explicitFileType = undefined; fileEncoding = 9; includeInIndex = 0; lastKnownFileType = unknown; name = Zocial.ttf; path = "../node_modules/react-native-vector-icons/Fonts/Zocial.ttf"; sourceTree = "<group>"; };
/* End PBXFileReference section */

/* Begin PBXFrameworksBuildPhase section */
		13B07F8C1A680F5B00A75B9A /* Frameworks */ = {
			isa = PBXFrameworksBuildPhase;
			buildActionMask = 2147483647;
			files = (
				D508E19858AAAC99D579CDEF /* libPods-MyAnimationSample.a in Frameworks */,
			);
			runOnlyForDeploymentPostprocessing = 0;
		};
/* End PBXFrameworksBuildPhase section */

/* Begin PBXGroup section */
		13B07FAE1A68108700A75B9A /* MyAnimationSample */ = {
			isa = PBXGroup;
			children = (
				008F07F21AC5B25A0029DE68 /* main.jsbundle */,
				13B07FAF1A68108700A75B9A /* AppDelegate.h */,
				13B07FB01A68108700A75B9A /* AppDelegate.m */,
				13B07FB51A68108700A75B9A /* Images.xcassets */,
				13B07FB61A68108700A75B9A /* Info.plist */,
				81AB9BB72411601600AC10FF /* LaunchScreen.storyboard */,
				13B07FB71A68108700A75B9A /* main.m */,
			);
			name = MyAnimationSample;
			sourceTree = "<group>";
		};
		2D16E6871FA4F8E400B85C8A /* Frameworks */ = {
			isa = PBXGroup;
			children = (
				ED297162215061F000B7C4FE /* JavaScriptCore.framework */,
				ED2971642150620600B7C4FE /* JavaScriptCore.framework */,
				45AFDD76BFA19517211B1090 /* libPods-MyAnimationSample.a */,
				9FB42D126C71FE114C3B6DD1 /* libPods-MyAnimationSample-MyAnimationSampleTests.a */,
				F1E684FD233DE699AD249A74 /* libPods-MyAnimationSample-tvOS.a */,
				6F8CD31CE95F5A5E0950D2E2 /* libPods-MyAnimationSample-tvOSTests.a */,
			);
			name = Frameworks;
			sourceTree = "<group>";
		};
		832341AE1AAA6A7D00B99B32 /* Libraries */ = {
			isa = PBXGroup;
			children = (
			);
			name = Libraries;
			sourceTree = "<group>";
		};
		83CBB9F61A601CBA00E9B192 = {
			isa = PBXGroup;
			children = (
				13B07FAE1A68108700A75B9A /* MyAnimationSample */,
				832341AE1AAA6A7D00B99B32 /* Libraries */,
				83CBBA001A601CBA00E9B192 /* Products */,
				2D16E6871FA4F8E400B85C8A /* Frameworks */,
				C3E7BDBF11E38B59641EDA9E /* Pods */,
				EC5D3BEC65D24D67B782CE0E /* Resources */,
			);
			indentWidth = 2;
			sourceTree = "<group>";
			tabWidth = 2;
			usesTabs = 0;
		};
		83CBBA001A601CBA00E9B192 /* Products */ = {
			isa = PBXGroup;
			children = (
				13B07F961A680F5B00A75B9A /* MyAnimationSample.app */,
			);
			name = Products;
			sourceTree = "<group>";
		};
		C3E7BDBF11E38B59641EDA9E /* Pods */ = {
			isa = PBXGroup;
			children = (
				6FA90AE72B8EF9BEDDD21629 /* Pods-MyAnimationSample.debug.xcconfig */,
				F19C3EAAB3330CD24D3100F8 /* Pods-MyAnimationSample.release.xcconfig */,
				EB6E5518D5DF475F66FD74F1 /* Pods-MyAnimationSample-MyAnimationSampleTests.debug.xcconfig */,
				CCE0AE203B070D86661CF2E4 /* Pods-MyAnimationSample-MyAnimationSampleTests.release.xcconfig */,
				B8781080E6F518E072BA5B79 /* Pods-MyAnimationSample-tvOS.debug.xcconfig */,
				F04321B898903D01C0A54665 /* Pods-MyAnimationSample-tvOS.release.xcconfig */,
				656768F732DDE0997F2A8BB6 /* Pods-MyAnimationSample-tvOSTests.debug.xcconfig */,
				168AB4D6D5AA5969CF590B9B /* Pods-MyAnimationSample-tvOSTests.release.xcconfig */,
			);
			path = Pods;
			sourceTree = "<group>";
		};
		EC5D3BEC65D24D67B782CE0E /* Resources */ = {
			isa = PBXGroup;
			children = (
				2E0D056E25974AE5004FA55F /* SFProDisplay-Bold.otf */,
				2E0D057025974AE5004FA55F /* SFProDisplay-Light.otf */,
				2E0D056F25974AE5004FA55F /* SFProDisplay-Regular.otf */,
				2E0D057125974AE5004FA55F /* SFProDisplay-Semibold.otf */,
				6A5E592B72EC4084AED51B26 /* AntDesign.ttf */,
				3DAF5064C22E45789B8C9958 /* Entypo.ttf */,
				89A9D1F74D7046639B07AC1C /* EvilIcons.ttf */,
				516FFCEBDCA84C90B260AD9C /* Feather.ttf */,
				51A7371D97874C52BBFED3CF /* FontAwesome.ttf */,
				88E91CC87627494BAEC96163 /* FontAwesome5_Brands.ttf */,
				B790132F933844F4B51B64A0 /* FontAwesome5_Regular.ttf */,
				2A5F0976FF1D4BE1AAB6ADE0 /* FontAwesome5_Solid.ttf */,
				8656418128994E288B61E0AC /* Fontisto.ttf */,
				5462ED62782F46CCBD17D1CB /* Foundation.ttf */,
				8B1A19A266934C46BC7C8B44 /* Ionicons.ttf */,
				445960626663415C918462B3 /* MaterialCommunityIcons.ttf */,
				A859FEE6B10543E587037A88 /* MaterialIcons.ttf */,
				EFCD26E852244E29B2B2737F /* Octicons.ttf */,
				99CF2E29255C4CA9B990A085 /* SimpleLineIcons.ttf */,
				FD8ED12E84CD4EBB99E55E16 /* Zocial.ttf */,
			);
			name = Resources;
			sourceTree = "<group>";
		};
/* End PBXGroup section */

/* Begin PBXNativeTarget section */
		13B07F861A680F5B00A75B9A /* MyAnimationSample */ = {
			isa = PBXNativeTarget;
			buildConfigurationList = 13B07F931A680F5B00A75B9A /* Build configuration list for PBXNativeTarget "MyAnimationSample" */;
			buildPhases = (
				3BE2EE3F255A99A2CA801799 /* [CP] Check Pods Manifest.lock */,
				FD10A7F022414F080027D42C /* Start Packager */,
				13B07F871A680F5B00A75B9A /* Sources */,
				13B07F8C1A680F5B00A75B9A /* Frameworks */,
				13B07F8E1A680F5B00A75B9A /* Resources */,
				00DD1BFF1BD5951E006B06BC /* Bundle React Native code and images */,
				5CBEC8951CBFF4EF79897365 /* [CP] Copy Pods Resources */,
			);
			buildRules = (
			);
			dependencies = (
			);
			name = MyAnimationSample;
			productName = MyAnimationSample;
			productReference = 13B07F961A680F5B00A75B9A /* MyAnimationSample.app */;
			productType = "com.apple.product-type.application";
		};
/* End PBXNativeTarget section */

/* Begin PBXProject section */
		83CBB9F71A601CBA00E9B192 /* Project object */ = {
			isa = PBXProject;
			attributes = {
				LastUpgradeCheck = 1130;
				TargetAttributes = {
					13B07F861A680F5B00A75B9A = {
						LastSwiftMigration = 1120;
					};
				};
			};
			buildConfigurationList = 83CBB9FA1A601CBA00E9B192 /* Build configuration list for PBXProject "MyAnimationSample" */;
			compatibilityVersion = "Xcode 3.2";
			developmentRegion = en;
			hasScannedForEncodings = 0;
			knownRegions = (
				en,
				Base,
			);
			mainGroup = 83CBB9F61A601CBA00E9B192;
			productRefGroup = 83CBBA001A601CBA00E9B192 /* Products */;
			projectDirPath = "";
			projectRoot = "";
			targets = (
				13B07F861A680F5B00A75B9A /* MyAnimationSample */,
			);
		};
/* End PBXProject section */

/* Begin PBXResourcesBuildPhase section */
		13B07F8E1A680F5B00A75B9A /* Resources */ = {
			isa = PBXResourcesBuildPhase;
			buildActionMask = 2147483647;
			files = (
				81AB9BB82411601600AC10FF /* LaunchScreen.storyboard in Resources */,
				13B07FBF1A68108700A75B9A /* Images.xcassets in Resources */,
				DA338CF50A0545949E8091EC /* AntDesign.ttf in Resources */,
				8965A9A28F6D470389337ADE /* Entypo.ttf in Resources */,
				097C0E2E9FDC4FD9A70F1FCA /* EvilIcons.ttf in Resources */,
				6D4DA6FB29C44DA7B24371A3 /* Feather.ttf in Resources */,
				71C775CB9E384976AE06EDEC /* FontAwesome.ttf in Resources */,
				1AF77C9D0C9245CD8479F615 /* FontAwesome5_Brands.ttf in Resources */,
				A499EDBC18AD4352B8C05E1A /* FontAwesome5_Regular.ttf in Resources */,
				0AB39C965CCF4FE9A8B1F10A /* FontAwesome5_Solid.ttf in Resources */,
				2E0D057525974AE5004FA55F /* SFProDisplay-Semibold.otf in Resources */,
				C6B460BEE3B24AFEB29092AB /* Fontisto.ttf in Resources */,
				26BE71AFF0C44E3EA64AF790 /* Foundation.ttf in Resources */,
				2E0D057225974AE5004FA55F /* SFProDisplay-Bold.otf in Resources */,
				25118CA2C4834460A437D943 /* Ionicons.ttf in Resources */,
				0A9BB25DF20F4B2EB88ACDFA /* MaterialCommunityIcons.ttf in Resources */,
				D7293C7F22F94783901480E7 /* MaterialIcons.ttf in Resources */,
				FF221E7BF31749E4B6749C8D /* Octicons.ttf in Resources */,
				493C1A63EA78422C9A9FB9FC /* SimpleLineIcons.ttf in Resources */,
				2E0D057325974AE5004FA55F /* SFProDisplay-Regular.otf in Resources */,
				E8C2171908F047239A75BEE3 /* Zocial.ttf in Resources */,
				2E0D057425974AE5004FA55F /* SFProDisplay-Light.otf in Resources */,
			);
			runOnlyForDeploymentPostprocessing = 0;
		};
/* End PBXResourcesBuildPhase section */

/* Begin PBXShellScriptBuildPhase section */
		00DD1BFF1BD5951E006B06BC /* Bundle React Native code and images */ = {
			isa = PBXShellScriptBuildPhase;
			buildActionMask = 2147483647;
			files = (
			);
			inputPaths = (
			);
			name = "Bundle React Native code and images";
			outputPaths = (
			);
			runOnlyForDeploymentPostprocessing = 0;
			shellPath = /bin/sh;
			shellScript = "export NODE_BINARY=node\n../node_modules/react-native/scripts/react-native-xcode.sh\n";
		};
		3BE2EE3F255A99A2CA801799 /* [CP] Check Pods Manifest.lock */ = {
			isa = PBXShellScriptBuildPhase;
			buildActionMask = 2147483647;
			files = (
			);
			inputFileListPaths = (
			);
			inputPaths = (
				"${PODS_PODFILE_DIR_PATH}/Podfile.lock",
				"${PODS_ROOT}/Manifest.lock",
			);
			name = "[CP] Check Pods Manifest.lock";
			outputFileListPaths = (
			);
			outputPaths = (
				"$(DERIVED_FILE_DIR)/Pods-MyAnimationSample-checkManifestLockResult.txt",
			);
			runOnlyForDeploymentPostprocessing = 0;
			shellPath = /bin/sh;
			shellScript = "diff \"${PODS_PODFILE_DIR_PATH}/Podfile.lock\" \"${PODS_ROOT}/Manifest.lock\" > /dev/null\nif [ $? != 0 ] ; then\n    # print error to STDERR\n    echo \"error: The sandbox is not in sync with the Podfile.lock. Run 'pod install' or update your CocoaPods installation.\" >&2\n    exit 1\nfi\n# This output is used by Xcode 'outputs' to avoid re-running this script phase.\necho \"SUCCESS\" > \"${SCRIPT_OUTPUT_FILE_0}\"\n";
			showEnvVarsInLog = 0;
		};
		5CBEC8951CBFF4EF79897365 /* [CP] Copy Pods Resources */ = {
			isa = PBXShellScriptBuildPhase;
			buildActionMask = 2147483647;
			files = (
			);
			inputPaths = (
				"${PODS_ROOT}/Target Support Files/Pods-MyAnimationSample/Pods-MyAnimationSample-resources.sh",
				"${PODS_CONFIGURATION_BUILD_DIR}/React-Core/AccessibilityResources.bundle",
			);
			name = "[CP] Copy Pods Resources";
			outputPaths = (
				"${TARGET_BUILD_DIR}/${UNLOCALIZED_RESOURCES_FOLDER_PATH}/AccessibilityResources.bundle",
			);
			runOnlyForDeploymentPostprocessing = 0;
			shellPath = /bin/sh;
			shellScript = "\"${PODS_ROOT}/Target Support Files/Pods-MyAnimationSample/Pods-MyAnimationSample-resources.sh\"\n";
			showEnvVarsInLog = 0;
		};
		FD10A7F022414F080027D42C /* Start Packager */ = {
			isa = PBXShellScriptBuildPhase;
			buildActionMask = 2147483647;
			files = (
			);
			inputFileListPaths = (
			);
			inputPaths = (
			);
			name = "Start Packager";
			outputFileListPaths = (
			);
			outputPaths = (
			);
			runOnlyForDeploymentPostprocessing = 0;
			shellPath = /bin/sh;
			shellScript = "export RCT_METRO_PORT=\"${RCT_METRO_PORT:=8081}\"\necho \"export RCT_METRO_PORT=${RCT_METRO_PORT}\" > \"${SRCROOT}/../node_modules/react-native/scripts/.packager.env\"\nif [ -z \"${RCT_NO_LAUNCH_PACKAGER+xxx}\" ] ; then\n  if nc -w 5 -z localhost ${RCT_METRO_PORT} ; then\n    if ! curl -s \"http://localhost:${RCT_METRO_PORT}/status\" | grep -q \"packager-status:running\" ; then\n      echo \"Port ${RCT_METRO_PORT} already in use, packager is either not running or not running correctly\"\n      exit 2\n    fi\n  else\n    open \"$SRCROOT/../node_modules/react-native/scripts/launchPackager.command\" || echo \"Can't start packager automatically\"\n  fi\nfi\n";
			showEnvVarsInLog = 0;
		};
/* End PBXShellScriptBuildPhase section */

/* Begin PBXSourcesBuildPhase section */
		13B07F871A680F5B00A75B9A /* Sources */ = {
			isa = PBXSourcesBuildPhase;
			buildActionMask = 2147483647;
			files = (
				13B07FBC1A68108700A75B9A /* AppDelegate.m in Sources */,
				13B07FC11A68108700A75B9A /* main.m in Sources */,
			);
			runOnlyForDeploymentPostprocessing = 0;
		};
/* End PBXSourcesBuildPhase section */

/* Begin XCBuildConfiguration section */
		13B07F941A680F5B00A75B9A /* Debug */ = {
			isa = XCBuildConfiguration;
			baseConfigurationReference = 6FA90AE72B8EF9BEDDD21629 /* Pods-MyAnimationSample.debug.xcconfig */;
			buildSettings = {
				ASSETCATALOG_COMPILER_APPICON_NAME = AppIcon;
				CLANG_ENABLE_MODULES = YES;
				CURRENT_PROJECT_VERSION = 1;
				ENABLE_BITCODE = NO;
				INFOPLIST_FILE = MyAnimationSample/Info.plist;
				LD_RUNPATH_SEARCH_PATHS = "$(inherited) @executable_path/Frameworks";
				OTHER_LDFLAGS = (
					"$(inherited)",
					"-ObjC",
					"-lc++",
				);
				PRODUCT_BUNDLE_IDENTIFIER = "org.reactjs.native.example.$(PRODUCT_NAME:rfc1034identifier)";
				PRODUCT_NAME = MyAnimationSample;
				SWIFT_OPTIMIZATION_LEVEL = "-Onone";
				SWIFT_VERSION = 5.0;
				VERSIONING_SYSTEM = "apple-generic";
			};
			name = Debug;
		};
		13B07F951A680F5B00A75B9A /* Release */ = {
			isa = XCBuildConfiguration;
			baseConfigurationReference = F19C3EAAB3330CD24D3100F8 /* Pods-MyAnimationSample.release.xcconfig */;
			buildSettings = {
				ASSETCATALOG_COMPILER_APPICON_NAME = AppIcon;
				CLANG_ENABLE_MODULES = YES;
				CURRENT_PROJECT_VERSION = 1;
				INFOPLIST_FILE = MyAnimationSample/Info.plist;
				LD_RUNPATH_SEARCH_PATHS = "$(inherited) @executable_path/Frameworks";
				OTHER_LDFLAGS = (
					"$(inherited)",
					"-ObjC",
					"-lc++",
				);
				PRODUCT_BUNDLE_IDENTIFIER = "org.reactjs.native.example.$(PRODUCT_NAME:rfc1034identifier)";
				PRODUCT_NAME = MyAnimationSample;
				SWIFT_VERSION = 5.0;
				VERSIONING_SYSTEM = "apple-generic";
			};
			name = Release;
		};
		83CBBA201A601CBA00E9B192 /* Debug */ = {
			isa = XCBuildConfiguration;
			buildSettings = {
				ALWAYS_SEARCH_USER_PATHS = NO;
				CLANG_ANALYZER_LOCALIZABILITY_NONLOCALIZED = YES;
				CLANG_CXX_LANGUAGE_STANDARD = "gnu++0x";
				CLANG_CXX_LIBRARY = "libc++";
				CLANG_ENABLE_MODULES = YES;
				CLANG_ENABLE_OBJC_ARC = YES;
				CLANG_WARN_BLOCK_CAPTURE_AUTORELEASING = YES;
				CLANG_WARN_BOOL_CONVERSION = YES;
				CLANG_WARN_COMMA = YES;
				CLANG_WARN_CONSTANT_CONVERSION = YES;
				CLANG_WARN_DEPRECATED_OBJC_IMPLEMENTATIONS = YES;
				CLANG_WARN_DIRECT_OBJC_ISA_USAGE = YES_ERROR;
				CLANG_WARN_EMPTY_BODY = YES;
				CLANG_WARN_ENUM_CONVERSION = YES;
				CLANG_WARN_INFINITE_RECURSION = YES;
				CLANG_WARN_INT_CONVERSION = YES;
				CLANG_WARN_NON_LITERAL_NULL_CONVERSION = YES;
				CLANG_WARN_OBJC_IMPLICIT_RETAIN_SELF = YES;
				CLANG_WARN_OBJC_LITERAL_CONVERSION = YES;
				CLANG_WARN_OBJC_ROOT_CLASS = YES_ERROR;
				CLANG_WARN_RANGE_LOOP_ANALYSIS = YES;
				CLANG_WARN_STRICT_PROTOTYPES = YES;
				CLANG_WARN_SUSPICIOUS_MOVE = YES;
				CLANG_WARN_UNREACHABLE_CODE = YES;
				CLANG_WARN__DUPLICATE_METHOD_MATCH = YES;
				"CODE_SIGN_IDENTITY[sdk=iphoneos*]" = "iPhone Developer";
				COPY_PHASE_STRIP = NO;
				ENABLE_STRICT_OBJC_MSGSEND = YES;
				ENABLE_TESTABILITY = YES;
				GCC_C_LANGUAGE_STANDARD = gnu99;
				GCC_DYNAMIC_NO_PIC = NO;
				GCC_NO_COMMON_BLOCKS = YES;
				GCC_OPTIMIZATION_LEVEL = 0;
				GCC_PREPROCESSOR_DEFINITIONS = (
					"DEBUG=1",
					"$(inherited)",
				);
				GCC_SYMBOLS_PRIVATE_EXTERN = NO;
				GCC_WARN_64_TO_32_BIT_CONVERSION = YES;
				GCC_WARN_ABOUT_RETURN_TYPE = YES_ERROR;
				GCC_WARN_UNDECLARED_SELECTOR = YES;
				GCC_WARN_UNINITIALIZED_AUTOS = YES_AGGRESSIVE;
				GCC_WARN_UNUSED_FUNCTION = YES;
				GCC_WARN_UNUSED_VARIABLE = YES;
				IPHONEOS_DEPLOYMENT_TARGET = 10.0;
				LD_RUNPATH_SEARCH_PATHS = "/usr/lib/swift $(inherited)";
				LIBRARY_SEARCH_PATHS = (
					"\"$(TOOLCHAIN_DIR)/usr/lib/swift/$(PLATFORM_NAME)\"",
					"\"$(TOOLCHAIN_DIR)/usr/lib/swift-5.0/$(PLATFORM_NAME)\"",
					"\"$(inherited)\"",
				);
				MTL_ENABLE_DEBUG_INFO = YES;
				ONLY_ACTIVE_ARCH = YES;
				SDKROOT = iphoneos;
			};
			name = Debug;
		};
		83CBBA211A601CBA00E9B192 /* Release */ = {
			isa = XCBuildConfiguration;
			buildSettings = {
				ALWAYS_SEARCH_USER_PATHS = NO;
				CLANG_ANALYZER_LOCALIZABILITY_NONLOCALIZED = YES;
				CLANG_CXX_LANGUAGE_STANDARD = "gnu++0x";
				CLANG_CXX_LIBRARY = "libc++";
				CLANG_ENABLE_MODULES = YES;
				CLANG_ENABLE_OBJC_ARC = YES;
				CLANG_WARN_BLOCK_CAPTURE_AUTORELEASING = YES;
				CLANG_WARN_BOOL_CONVERSION = YES;
				CLANG_WARN_COMMA = YES;
				CLANG_WARN_CONSTANT_CONVERSION = YES;
				CLANG_WARN_DEPRECATED_OBJC_IMPLEMENTATIONS = YES;
				CLANG_WARN_DIRECT_OBJC_ISA_USAGE = YES_ERROR;
				CLANG_WARN_EMPTY_BODY = YES;
				CLANG_WARN_ENUM_CONVERSION = YES;
				CLANG_WARN_INFINITE_RECURSION = YES;
				CLANG_WARN_INT_CONVERSION = YES;
				CLANG_WARN_NON_LITERAL_NULL_CONVERSION = YES;
				CLANG_WARN_OBJC_IMPLICIT_RETAIN_SELF = YES;
				CLANG_WARN_OBJC_LITERAL_CONVERSION = YES;
				CLANG_WARN_OBJC_ROOT_CLASS = YES_ERROR;
				CLANG_WARN_RANGE_LOOP_ANALYSIS = YES;
				CLANG_WARN_STRICT_PROTOTYPES = YES;
				CLANG_WARN_SUSPICIOUS_MOVE = YES;
				CLANG_WARN_UNREACHABLE_CODE = YES;
				CLANG_WARN__DUPLICATE_METHOD_MATCH = YES;
				"CODE_SIGN_IDENTITY[sdk=iphoneos*]" = "iPhone Developer";
				COPY_PHASE_STRIP = YES;
				ENABLE_NS_ASSERTIONS = NO;
				ENABLE_STRICT_OBJC_MSGSEND = YES;
				GCC_C_LANGUAGE_STANDARD = gnu99;
				GCC_NO_COMMON_BLOCKS = YES;
				GCC_WARN_64_TO_32_BIT_CONVERSION = YES;
				GCC_WARN_ABOUT_RETURN_TYPE = YES_ERROR;
				GCC_WARN_UNDECLARED_SELECTOR = YES;
				GCC_WARN_UNINITIALIZED_AUTOS = YES_AGGRESSIVE;
				GCC_WARN_UNUSED_FUNCTION = YES;
				GCC_WARN_UNUSED_VARIABLE = YES;
				IPHONEOS_DEPLOYMENT_TARGET = 10.0;
				LD_RUNPATH_SEARCH_PATHS = "/usr/lib/swift $(inherited)";
				LIBRARY_SEARCH_PATHS = (
					"\"$(TOOLCHAIN_DIR)/usr/lib/swift/$(PLATFORM_NAME)\"",
					"\"$(TOOLCHAIN_DIR)/usr/lib/swift-5.0/$(PLATFORM_NAME)\"",
					"\"$(inherited)\"",
				);
				MTL_ENABLE_DEBUG_INFO = NO;
				SDKROOT = iphoneos;
				VALIDATE_PRODUCT = YES;
			};
			name = Release;
		};
/* End XCBuildConfiguration section */

/* Begin XCConfigurationList section */
		13B07F931A680F5B00A75B9A /* Build configuration list for PBXNativeTarget "MyAnimationSample" */ = {
			isa = XCConfigurationList;
			buildConfigurations = (
				13B07F941A680F5B00A75B9A /* Debug */,
				13B07F951A680F5B00A75B9A /* Release */,
			);
			defaultConfigurationIsVisible = 0;
			defaultConfigurationName = Release;
		};
		83CBB9FA1A601CBA00E9B192 /* Build configuration list for PBXProject "MyAnimationSample" */ = {
			isa = XCConfigurationList;
			buildConfigurations = (
				83CBBA201A601CBA00E9B192 /* Debug */,
				83CBBA211A601CBA00E9B192 /* Release */,
			);
			defaultConfigurationIsVisible = 0;
			defaultConfigurationName = Release;
		};
/* End XCConfigurationList section */
	};
	rootObject = 83CBB9F71A601CBA00E9B192 /* Project object */;
}
